
Microsoft Visual Studio Solution File, Format Version 12.00
# Visual Studio 15
VisualStudioVersion = 15.0.26228.4
MinimumVisualStudioVersion = 10.0.40219.1
Project("{FAE04EC0-301F-11D3-BF4B-00C04F79EFBC}") = "HttpLogger.SampleApp.Android", "HttpLogger.SampleApp\HttpLogger.SampleApp.Android\HttpLogger.SampleApp.Android.csproj", "{4689DA84-A13B-4076-9075-A9A2BBDB54A2}"
EndProject
Project("{FAE04EC0-301F-11D3-BF4B-00C04F79EFBC}") = "HttpLogger.SampleApp", "HttpLogger.SampleApp\HttpLogger.SampleApp\HttpLogger.SampleApp.csproj", "{E3DD758E-150D-4EA7-B737-DFC5C6C6A479}"
EndProject
Project("{FAE04EC0-301F-11D3-BF4B-00C04F79EFBC}") = "HttpLogger.SampleApp.UWP", "HttpLogger.SampleApp\HttpLogger.SampleApp.UWP\HttpLogger.SampleApp.UWP.csproj", "{99B65AFE-CBCE-469E-A889-5234B4FB1EF5}"
EndProject
Project("{FAE04EC0-301F-11D3-BF4B-00C04F79EFBC}") = "HttpLogger.SampleApp.iOS", "HttpLogger.SampleApp\HttpLogger.SampleApp.iOS\HttpLogger.SampleApp.iOS.csproj", "{1D5484CF-8D35-4F79-830D-643CB41E3910}"
EndProject
Project("{FAE04EC0-301F-11D3-BF4B-00C04F79EFBC}") = "HttpLogger", "HttpLogger\HttpLogger.csproj", "{CAC52A69-45BF-41D6-AB86-8443F977251F}"
EndProject
Global
	GlobalSection(SolutionConfigurationPlatforms) = preSolution
		Ad-Hoc|Any CPU = Ad-Hoc|Any CPU
		Ad-Hoc|ARM = Ad-Hoc|ARM
		Ad-Hoc|iPhone = Ad-Hoc|iPhone
		Ad-Hoc|iPhoneSimulator = Ad-Hoc|iPhoneSimulator
		Ad-Hoc|x64 = Ad-Hoc|x64
		Ad-Hoc|x86 = Ad-Hoc|x86
		AppStore|Any CPU = AppStore|Any CPU
		AppStore|ARM = AppStore|ARM
		AppStore|iPhone = AppStore|iPhone
		AppStore|iPhoneSimulator = AppStore|iPhoneSimulator
		AppStore|x64 = AppStore|x64
		AppStore|x86 = AppStore|x86
		Debug|Any CPU = Debug|Any CPU
		Debug|ARM = Debug|ARM
		Debug|iPhone = Debug|iPhone
		Debug|iPhoneSimulator = Debug|iPhoneSimulator
		Debug|x64 = Debug|x64
		Debug|x86 = Debug|x86
		Release|Any CPU = Release|Any CPU
		Release|ARM = Release|ARM
		Release|iPhone = Release|iPhone
		Release|iPhoneSimulator = Release|iPhoneSimulator
		Release|x64 = Release|x64
		Release|x86 = Release|x86
	EndGlobalSection
	GlobalSection(ProjectConfigurationPlatforms) = postSolution
		{4689DA84-A13B-4076-9075-A9A2BBDB54A2}.Ad-Hoc|Any CPU.ActiveCfg = Release|Any CPU
		{4689DA84-A13B-4076-9075-A9A2BBDB54A2}.Ad-Hoc|Any CPU.Build.0 = Release|Any CPU
		{4689DA84-A13B-4076-9075-A9A2BBDB54A2}.Ad-Hoc|Any CPU.Deploy.0 = Release|Any CPU
		{4689DA84-A13B-4076-9075-A9A2BBDB54A2}.Ad-Hoc|ARM.ActiveCfg = Release|Any CPU
		{4689DA84-A13B-4076-9075-A9A2BBDB54A2}.Ad-Hoc|ARM.Build.0 = Release|Any CPU
		{4689DA84-A13B-4076-9075-A9A2BBDB54A2}.Ad-Hoc|ARM.Deploy.0 = Release|Any CPU
		{4689DA84-A13B-4076-9075-A9A2BBDB54A2}.Ad-Hoc|iPhone.ActiveCfg = Release|Any CPU
		{4689DA84-A13B-4076-9075-A9A2BBDB54A2}.Ad-Hoc|iPhone.Build.0 = Release|Any CPU
		{4689DA84-A13B-4076-9075-A9A2BBDB54A2}.Ad-Hoc|iPhone.Deploy.0 = Release|Any CPU
		{4689DA84-A13B-4076-9075-A9A2BBDB54A2}.Ad-Hoc|iPhoneSimulator.ActiveCfg = Release|Any CPU
		{4689DA84-A13B-4076-9075-A9A2BBDB54A2}.Ad-Hoc|iPhoneSimulator.Build.0 = Release|Any CPU
		{4689DA84-A13B-4076-9075-A9A2BBDB54A2}.Ad-Hoc|iPhoneSimulator.Deploy.0 = Release|Any CPU
		{4689DA84-A13B-4076-9075-A9A2BBDB54A2}.Ad-Hoc|x64.ActiveCfg = Release|Any CPU
		{4689DA84-A13B-4076-9075-A9A2BBDB54A2}.Ad-Hoc|x64.Build.0 = Release|Any CPU
		{4689DA84-A13B-4076-9075-A9A2BBDB54A2}.Ad-Hoc|x64.Deploy.0 = Release|Any CPU
		{4689DA84-A13B-4076-9075-A9A2BBDB54A2}.Ad-Hoc|x86.ActiveCfg = Release|Any CPU
		{4689DA84-A13B-4076-9075-A9A2BBDB54A2}.Ad-Hoc|x86.Build.0 = Release|Any CPU
		{4689DA84-A13B-4076-9075-A9A2BBDB54A2}.Ad-Hoc|x86.Deploy.0 = Release|Any CPU
		{4689DA84-A13B-4076-9075-A9A2BBDB54A2}.AppStore|Any CPU.ActiveCfg = Release|Any CPU
		{4689DA84-A13B-4076-9075-A9A2BBDB54A2}.AppStore|Any CPU.Build.0 = Release|Any CPU
		{4689DA84-A13B-4076-9075-A9A2BBDB54A2}.AppStore|Any CPU.Deploy.0 = Release|Any CPU
		{4689DA84-A13B-4076-9075-A9A2BBDB54A2}.AppStore|ARM.ActiveCfg = Release|Any CPU
		{4689DA84-A13B-4076-9075-A9A2BBDB54A2}.AppStore|ARM.Build.0 = Release|Any CPU
		{4689DA84-A13B-4076-9075-A9A2BBDB54A2}.AppStore|ARM.Deploy.0 = Release|Any CPU
		{4689DA84-A13B-4076-9075-A9A2BBDB54A2}.AppStore|iPhone.ActiveCfg = Release|Any CPU
		{4689DA84-A13B-4076-9075-A9A2BBDB54A2}.AppStore|iPhone.Build.0 = Release|Any CPU
		{4689DA84-A13B-4076-9075-A9A2BBDB54A2}.AppStore|iPhone.Deploy.0 = Release|Any CPU
		{4689DA84-A13B-4076-9075-A9A2BBDB54A2}.AppStore|iPhoneSimulator.ActiveCfg = Release|Any CPU
		{4689DA84-A13B-4076-9075-A9A2BBDB54A2}.AppStore|iPhoneSimulator.Build.0 = Release|Any CPU
		{4689DA84-A13B-4076-9075-A9A2BBDB54A2}.AppStore|iPhoneSimulator.Deploy.0 = Release|Any CPU
		{4689DA84-A13B-4076-9075-A9A2BBDB54A2}.AppStore|x64.ActiveCfg = Release|Any CPU
		{4689DA84-A13B-4076-9075-A9A2BBDB54A2}.AppStore|x64.Build.0 = Release|Any CPU
		{4689DA84-A13B-4076-9075-A9A2BBDB54A2}.AppStore|x64.Deploy.0 = Release|Any CPU
		{4689DA84-A13B-4076-9075-A9A2BBDB54A2}.AppStore|x86.ActiveCfg = Release|Any CPU
		{4689DA84-A13B-4076-9075-A9A2BBDB54A2}.AppStore|x86.Build.0 = Release|Any CPU
		{4689DA84-A13B-4076-9075-A9A2BBDB54A2}.AppStore|x86.Deploy.0 = Release|Any CPU
		{4689DA84-A13B-4076-9075-A9A2BBDB54A2}.Debug|Any CPU.ActiveCfg = Debug|Any CPU
		{4689DA84-A13B-4076-9075-A9A2BBDB54A2}.Debug|Any CPU.Build.0 = Debug|Any CPU
		{4689DA84-A13B-4076-9075-A9A2BBDB54A2}.Debug|Any CPU.Deploy.0 = Debug|Any CPU
		{4689DA84-A13B-4076-9075-A9A2BBDB54A2}.Debug|ARM.ActiveCfg = Debug|Any CPU
		{4689DA84-A13B-4076-9075-A9A2BBDB54A2}.Debug|ARM.Build.0 = Debug|Any CPU
		{4689DA84-A13B-4076-9075-A9A2BBDB54A2}.Debug|ARM.Deploy.0 = Debug|Any CPU
		{4689DA84-A13B-4076-9075-A9A2BBDB54A2}.Debug|iPhone.ActiveCfg = Debug|Any CPU
		{4689DA84-A13B-4076-9075-A9A2BBDB54A2}.Debug|iPhone.Build.0 = Debug|Any CPU
		{4689DA84-A13B-4076-9075-A9A2BBDB54A2}.Debug|iPhone.Deploy.0 = Debug|Any CPU
		{4689DA84-A13B-4076-9075-A9A2BBDB54A2}.Debug|iPhoneSimulator.ActiveCfg = Debug|Any CPU
		{4689DA84-A13B-4076-9075-A9A2BBDB54A2}.Debug|iPhoneSimulator.Build.0 = Debug|Any CPU
		{4689DA84-A13B-4076-9075-A9A2BBDB54A2}.Debug|iPhoneSimulator.Deploy.0 = Debug|Any CPU
		{4689DA84-A13B-4076-9075-A9A2BBDB54A2}.Debug|x64.ActiveCfg = Debug|Any CPU
		{4689DA84-A13B-4076-9075-A9A2BBDB54A2}.Debug|x64.Build.0 = Debug|Any CPU
		{4689DA84-A13B-4076-9075-A9A2BBDB54A2}.Debug|x64.Deploy.0 = Debug|Any CPU
		{4689DA84-A13B-4076-9075-A9A2BBDB54A2}.Debug|x86.ActiveCfg = Debug|Any CPU
		{4689DA84-A13B-4076-9075-A9A2BBDB54A2}.Debug|x86.Build.0 = Debug|Any CPU
		{4689DA84-A13B-4076-9075-A9A2BBDB54A2}.Debug|x86.Deploy.0 = Debug|Any CPU
		{4689DA84-A13B-4076-9075-A9A2BBDB54A2}.Release|Any CPU.ActiveCfg = Release|Any CPU
		{4689DA84-A13B-4076-9075-A9A2BBDB54A2}.Release|Any CPU.Build.0 = Release|Any CPU
		{4689DA84-A13B-4076-9075-A9A2BBDB54A2}.Release|Any CPU.Deploy.0 = Release|Any CPU
		{4689DA84-A13B-4076-9075-A9A2BBDB54A2}.Release|ARM.ActiveCfg = Release|Any CPU
		{4689DA84-A13B-4076-9075-A9A2BBDB54A2}.Release|ARM.Build.0 = Release|Any CPU
		{4689DA84-A13B-4076-9075-A9A2BBDB54A2}.Release|ARM.Deploy.0 = Release|Any CPU
		{4689DA84-A13B-4076-9075-A9A2BBDB54A2}.Release|iPhone.ActiveCfg = Release|Any CPU
		{4689DA84-A13B-4076-9075-A9A2BBDB54A2}.Release|iPhone.Build.0 = Release|Any CPU
		{4689DA84-A13B-4076-9075-A9A2BBDB54A2}.Release|iPhone.Deploy.0 = Release|Any CPU
		{4689DA84-A13B-4076-9075-A9A2BBDB54A2}.Release|iPhoneSimulator.ActiveCfg = Release|Any CPU
		{4689DA84-A13B-4076-9075-A9A2BBDB54A2}.Release|iPhoneSimulator.Build.0 = Release|Any CPU
		{4689DA84-A13B-4076-9075-A9A2BBDB54A2}.Release|iPhoneSimulator.Deploy.0 = Release|Any CPU
		{4689DA84-A13B-4076-9075-A9A2BBDB54A2}.Release|x64.ActiveCfg = Release|Any CPU
		{4689DA84-A13B-4076-9075-A9A2BBDB54A2}.Release|x64.Build.0 = Release|Any CPU
		{4689DA84-A13B-4076-9075-A9A2BBDB54A2}.Release|x64.Deploy.0 = Release|Any CPU
		{4689DA84-A13B-4076-9075-A9A2BBDB54A2}.Release|x86.ActiveCfg = Release|Any CPU
		{4689DA84-A13B-4076-9075-A9A2BBDB54A2}.Release|x86.Build.0 = Release|Any CPU
		{4689DA84-A13B-4076-9075-A9A2BBDB54A2}.Release|x86.Deploy.0 = Release|Any CPU
		{E3DD758E-150D-4EA7-B737-DFC5C6C6A479}.Ad-Hoc|Any CPU.ActiveCfg = Release|Any CPU
		{E3DD758E-150D-4EA7-B737-DFC5C6C6A479}.Ad-Hoc|Any CPU.Build.0 = Release|Any CPU
		{E3DD758E-150D-4EA7-B737-DFC5C6C6A479}.Ad-Hoc|ARM.ActiveCfg = Release|Any CPU
		{E3DD758E-150D-4EA7-B737-DFC5C6C6A479}.Ad-Hoc|ARM.Build.0 = Release|Any CPU
		{E3DD758E-150D-4EA7-B737-DFC5C6C6A479}.Ad-Hoc|iPhone.ActiveCfg = Release|Any CPU
		{E3DD758E-150D-4EA7-B737-DFC5C6C6A479}.Ad-Hoc|iPhone.Build.0 = Release|Any CPU
		{E3DD758E-150D-4EA7-B737-DFC5C6C6A479}.Ad-Hoc|iPhoneSimulator.ActiveCfg = Release|Any CPU
		{E3DD758E-150D-4EA7-B737-DFC5C6C6A479}.Ad-Hoc|iPhoneSimulator.Build.0 = Release|Any CPU
		{E3DD758E-150D-4EA7-B737-DFC5C6C6A479}.Ad-Hoc|x64.ActiveCfg = Release|Any CPU
		{E3DD758E-150D-4EA7-B737-DFC5C6C6A479}.Ad-Hoc|x64.Build.0 = Release|Any CPU
		{E3DD758E-150D-4EA7-B737-DFC5C6C6A479}.Ad-Hoc|x86.ActiveCfg = Release|Any CPU
		{E3DD758E-150D-4EA7-B737-DFC5C6C6A479}.Ad-Hoc|x86.Build.0 = Release|Any CPU
		{E3DD758E-150D-4EA7-B737-DFC5C6C6A479}.AppStore|Any CPU.ActiveCfg = Release|Any CPU
		{E3DD758E-150D-4EA7-B737-DFC5C6C6A479}.AppStore|Any CPU.Build.0 = Release|Any CPU
		{E3DD758E-150D-4EA7-B737-DFC5C6C6A479}.AppStore|ARM.ActiveCfg = Release|Any CPU
		{E3DD758E-150D-4EA7-B737-DFC5C6C6A479}.AppStore|ARM.Build.0 = Release|Any CPU
		{E3DD758E-150D-4EA7-B737-DFC5C6C6A479}.AppStore|iPhone.ActiveCfg = Release|Any CPU
		{E3DD758E-150D-4EA7-B737-DFC5C6C6A479}.AppStore|iPhone.Build.0 = Release|Any CPU
		{E3DD758E-150D-4EA7-B737-DFC5C6C6A479}.AppStore|iPhoneSimulator.ActiveCfg = Release|Any CPU
		{E3DD758E-150D-4EA7-B737-DFC5C6C6A479}.AppStore|iPhoneSimulator.Build.0 = Release|Any CPU
		{E3DD758E-150D-4EA7-B737-DFC5C6C6A479}.AppStore|x64.ActiveCfg = Release|Any CPU
		{E3DD758E-150D-4EA7-B737-DFC5C6C6A479}.AppStore|x64.Build.0 = Release|Any CPU
		{E3DD758E-150D-4EA7-B737-DFC5C6C6A479}.AppStore|x86.ActiveCfg = Release|Any CPU
		{E3DD758E-150D-4EA7-B737-DFC5C6C6A479}.AppStore|x86.Build.0 = Release|Any CPU
		{E3DD758E-150D-4EA7-B737-DFC5C6C6A479}.Debug|Any CPU.ActiveCfg = Debug|Any CPU
		{E3DD758E-150D-4EA7-B737-DFC5C6C6A479}.Debug|Any CPU.Build.0 = Debug|Any CPU
		{E3DD758E-150D-4EA7-B737-DFC5C6C6A479}.Debug|ARM.ActiveCfg = Debug|Any CPU
		{E3DD758E-150D-4EA7-B737-DFC5C6C6A479}.Debug|ARM.Build.0 = Debug|Any CPU
		{E3DD758E-150D-4EA7-B737-DFC5C6C6A479}.Debug|iPhone.ActiveCfg = Debug|Any CPU
		{E3DD758E-150D-4EA7-B737-DFC5C6C6A479}.Debug|iPhone.Build.0 = Debug|Any CPU
		{E3DD758E-150D-4EA7-B737-DFC5C6C6A479}.Debug|iPhoneSimulator.ActiveCfg = Debug|Any CPU
		{E3DD758E-150D-4EA7-B737-DFC5C6C6A479}.Debug|iPhoneSimulator.Build.0 = Debug|Any CPU
		{E3DD758E-150D-4EA7-B737-DFC5C6C6A479}.Debug|x64.ActiveCfg = Debug|Any CPU
		{E3DD758E-150D-4EA7-B737-DFC5C6C6A479}.Debug|x64.Build.0 = Debug|Any CPU
		{E3DD758E-150D-4EA7-B737-DFC5C6C6A479}.Debug|x86.ActiveCfg = Debug|Any CPU
		{E3DD758E-150D-4EA7-B737-DFC5C6C6A479}.Debug|x86.Build.0 = Debug|Any CPU
		{E3DD758E-150D-4EA7-B737-DFC5C6C6A479}.Release|Any CPU.ActiveCfg = Release|Any CPU
		{E3DD758E-150D-4EA7-B737-DFC5C6C6A479}.Release|Any CPU.Build.0 = Release|Any CPU
		{E3DD758E-150D-4EA7-B737-DFC5C6C6A479}.Release|ARM.ActiveCfg = Release|Any CPU
		{E3DD758E-150D-4EA7-B737-DFC5C6C6A479}.Release|ARM.Build.0 = Release|Any CPU
		{E3DD758E-150D-4EA7-B737-DFC5C6C6A479}.Release|iPhone.ActiveCfg = Release|Any CPU
		{E3DD758E-150D-4EA7-B737-DFC5C6C6A479}.Release|iPhone.Build.0 = Release|Any CPU
		{E3DD758E-150D-4EA7-B737-DFC5C6C6A479}.Release|iPhoneSimulator.ActiveCfg = Release|Any CPU
		{E3DD758E-150D-4EA7-B737-DFC5C6C6A479}.Release|iPhoneSimulator.Build.0 = Release|Any CPU
		{E3DD758E-150D-4EA7-B737-DFC5C6C6A479}.Release|x64.ActiveCfg = Release|Any CPU
		{E3DD758E-150D-4EA7-B737-DFC5C6C6A479}.Release|x64.Build.0 = Release|Any CPU
		{E3DD758E-150D-4EA7-B737-DFC5C6C6A479}.Release|x86.ActiveCfg = Release|Any CPU
		{E3DD758E-150D-4EA7-B737-DFC5C6C6A479}.Release|x86.Build.0 = Release|Any CPU
		{99B65AFE-CBCE-469E-A889-5234B4FB1EF5}.Ad-Hoc|Any CPU.ActiveCfg = Release|x86
		{99B65AFE-CBCE-469E-A889-5234B4FB1EF5}.Ad-Hoc|Any CPU.Build.0 = Release|x86
		{99B65AFE-CBCE-469E-A889-5234B4FB1EF5}.Ad-Hoc|Any CPU.Deploy.0 = Release|x86
		{99B65AFE-CBCE-469E-A889-5234B4FB1EF5}.Ad-Hoc|ARM.ActiveCfg = Release|ARM
		{99B65AFE-CBCE-469E-A889-5234B4FB1EF5}.Ad-Hoc|ARM.Build.0 = Release|ARM
		{99B65AFE-CBCE-469E-A889-5234B4FB1EF5}.Ad-Hoc|ARM.Deploy.0 = Release|ARM
		{99B65AFE-CBCE-469E-A889-5234B4FB1EF5}.Ad-Hoc|iPhone.ActiveCfg = Release|x86
		{99B65AFE-CBCE-469E-A889-5234B4FB1EF5}.Ad-Hoc|iPhone.Build.0 = Release|x86
		{99B65AFE-CBCE-469E-A889-5234B4FB1EF5}.Ad-Hoc|iPhone.Deploy.0 = Release|x86
		{99B65AFE-CBCE-469E-A889-5234B4FB1EF5}.Ad-Hoc|iPhoneSimulator.ActiveCfg = Release|x86
		{99B65AFE-CBCE-469E-A889-5234B4FB1EF5}.Ad-Hoc|iPhoneSimulator.Build.0 = Release|x86
		{99B65AFE-CBCE-469E-A889-5234B4FB1EF5}.Ad-Hoc|iPhoneSimulator.Deploy.0 = Release|x86
		{99B65AFE-CBCE-469E-A889-5234B4FB1EF5}.Ad-Hoc|x64.ActiveCfg = Release|x64
		{99B65AFE-CBCE-469E-A889-5234B4FB1EF5}.Ad-Hoc|x64.Build.0 = Release|x64
		{99B65AFE-CBCE-469E-A889-5234B4FB1EF5}.Ad-Hoc|x64.Deploy.0 = Release|x64
		{99B65AFE-CBCE-469E-A889-5234B4FB1EF5}.Ad-Hoc|x86.ActiveCfg = Release|x86
		{99B65AFE-CBCE-469E-A889-5234B4FB1EF5}.Ad-Hoc|x86.Build.0 = Release|x86
		{99B65AFE-CBCE-469E-A889-5234B4FB1EF5}.Ad-Hoc|x86.Deploy.0 = Release|x86
		{99B65AFE-CBCE-469E-A889-5234B4FB1EF5}.AppStore|Any CPU.ActiveCfg = Release|x86
		{99B65AFE-CBCE-469E-A889-5234B4FB1EF5}.AppStore|Any CPU.Build.0 = Release|x86
		{99B65AFE-CBCE-469E-A889-5234B4FB1EF5}.AppStore|Any CPU.Deploy.0 = Release|x86
		{99B65AFE-CBCE-469E-A889-5234B4FB1EF5}.AppStore|ARM.ActiveCfg = Release|ARM
		{99B65AFE-CBCE-469E-A889-5234B4FB1EF5}.AppStore|ARM.Build.0 = Release|ARM
		{99B65AFE-CBCE-469E-A889-5234B4FB1EF5}.AppStore|ARM.Deploy.0 = Release|ARM
		{99B65AFE-CBCE-469E-A889-5234B4FB1EF5}.AppStore|iPhone.ActiveCfg = Release|x86
		{99B65AFE-CBCE-469E-A889-5234B4FB1EF5}.AppStore|iPhone.Build.0 = Release|x86
		{99B65AFE-CBCE-469E-A889-5234B4FB1EF5}.AppStore|iPhone.Deploy.0 = Release|x86
		{99B65AFE-CBCE-469E-A889-5234B4FB1EF5}.AppStore|iPhoneSimulator.ActiveCfg = Release|x86
		{99B65AFE-CBCE-469E-A889-5234B4FB1EF5}.AppStore|iPhoneSimulator.Build.0 = Release|x86
		{99B65AFE-CBCE-469E-A889-5234B4FB1EF5}.AppStore|iPhoneSimulator.Deploy.0 = Release|x86
		{99B65AFE-CBCE-469E-A889-5234B4FB1EF5}.AppStore|x64.ActiveCfg = Release|x64
		{99B65AFE-CBCE-469E-A889-5234B4FB1EF5}.AppStore|x64.Build.0 = Release|x64
		{99B65AFE-CBCE-469E-A889-5234B4FB1EF5}.AppStore|x64.Deploy.0 = Release|x64
		{99B65AFE-CBCE-469E-A889-5234B4FB1EF5}.AppStore|x86.ActiveCfg = Release|x86
		{99B65AFE-CBCE-469E-A889-5234B4FB1EF5}.AppStore|x86.Build.0 = Release|x86
		{99B65AFE-CBCE-469E-A889-5234B4FB1EF5}.AppStore|x86.Deploy.0 = Release|x86
		{99B65AFE-CBCE-469E-A889-5234B4FB1EF5}.Debug|Any CPU.ActiveCfg = Debug|x86
		{99B65AFE-CBCE-469E-A889-5234B4FB1EF5}.Debug|Any CPU.Build.0 = Debug|x86
		{99B65AFE-CBCE-469E-A889-5234B4FB1EF5}.Debug|Any CPU.Deploy.0 = Debug|x86
		{99B65AFE-CBCE-469E-A889-5234B4FB1EF5}.Debug|ARM.ActiveCfg = Debug|ARM
		{99B65AFE-CBCE-469E-A889-5234B4FB1EF5}.Debug|ARM.Build.0 = Debug|ARM
		{99B65AFE-CBCE-469E-A889-5234B4FB1EF5}.Debug|ARM.Deploy.0 = Debug|ARM
		{99B65AFE-CBCE-469E-A889-5234B4FB1EF5}.Debug|iPhone.ActiveCfg = Debug|x86
		{99B65AFE-CBCE-469E-A889-5234B4FB1EF5}.Debug|iPhoneSimulator.ActiveCfg = Debug|x86
		{99B65AFE-CBCE-469E-A889-5234B4FB1EF5}.Debug|x64.ActiveCfg = Debug|x64
		{99B65AFE-CBCE-469E-A889-5234B4FB1EF5}.Debug|x64.Build.0 = Debug|x64
		{99B65AFE-CBCE-469E-A889-5234B4FB1EF5}.Debug|x64.Deploy.0 = Debug|x64
		{99B65AFE-CBCE-469E-A889-5234B4FB1EF5}.Debug|x86.ActiveCfg = Debug|x86
		{99B65AFE-CBCE-469E-A889-5234B4FB1EF5}.Debug|x86.Build.0 = Debug|x86
		{99B65AFE-CBCE-469E-A889-5234B4FB1EF5}.Debug|x86.Deploy.0 = Debug|x86
		{99B65AFE-CBCE-469E-A889-5234B4FB1EF5}.Release|Any CPU.ActiveCfg = Release|x86
		{99B65AFE-CBCE-469E-A889-5234B4FB1EF5}.Release|ARM.ActiveCfg = Release|ARM
		{99B65AFE-CBCE-469E-A889-5234B4FB1EF5}.Release|ARM.Build.0 = Release|ARM
		{99B65AFE-CBCE-469E-A889-5234B4FB1EF5}.Release|ARM.Deploy.0 = Release|ARM
		{99B65AFE-CBCE-469E-A889-5234B4FB1EF5}.Release|iPhone.ActiveCfg = Release|x86
		{99B65AFE-CBCE-469E-A889-5234B4FB1EF5}.Release|iPhoneSimulator.ActiveCfg = Release|x86
		{99B65AFE-CBCE-469E-A889-5234B4FB1EF5}.Release|x64.ActiveCfg = Release|x64
		{99B65AFE-CBCE-469E-A889-5234B4FB1EF5}.Release|x64.Build.0 = Release|x64
		{99B65AFE-CBCE-469E-A889-5234B4FB1EF5}.Release|x64.Deploy.0 = Release|x64
		{99B65AFE-CBCE-469E-A889-5234B4FB1EF5}.Release|x86.ActiveCfg = Release|x86
		{99B65AFE-CBCE-469E-A889-5234B4FB1EF5}.Release|x86.Build.0 = Release|x86
		{99B65AFE-CBCE-469E-A889-5234B4FB1EF5}.Release|x86.Deploy.0 = Release|x86
		{1D5484CF-8D35-4F79-830D-643CB41E3910}.Ad-Hoc|Any CPU.ActiveCfg = Ad-Hoc|iPhone
		{1D5484CF-8D35-4F79-830D-643CB41E3910}.Ad-Hoc|ARM.ActiveCfg = Ad-Hoc|iPhone
		{1D5484CF-8D35-4F79-830D-643CB41E3910}.Ad-Hoc|iPhone.ActiveCfg = Ad-Hoc|iPhone
		{1D5484CF-8D35-4F79-830D-643CB41E3910}.Ad-Hoc|iPhone.Build.0 = Ad-Hoc|iPhone
		{1D5484CF-8D35-4F79-830D-643CB41E3910}.Ad-Hoc|iPhoneSimulator.ActiveCfg = Ad-Hoc|iPhoneSimulator
		{1D5484CF-8D35-4F79-830D-643CB41E3910}.Ad-Hoc|iPhoneSimulator.Build.0 = Ad-Hoc|iPhoneSimulator
		{1D5484CF-8D35-4F79-830D-643CB41E3910}.Ad-Hoc|x64.ActiveCfg = Ad-Hoc|iPhone
		{1D5484CF-8D35-4F79-830D-643CB41E3910}.Ad-Hoc|x86.ActiveCfg = Ad-Hoc|iPhone
		{1D5484CF-8D35-4F79-830D-643CB41E3910}.AppStore|Any CPU.ActiveCfg = AppStore|iPhone
		{1D5484CF-8D35-4F79-830D-643CB41E3910}.AppStore|ARM.ActiveCfg = AppStore|iPhone
		{1D5484CF-8D35-4F79-830D-643CB41E3910}.AppStore|iPhone.ActiveCfg = AppStore|iPhone
		{1D5484CF-8D35-4F79-830D-643CB41E3910}.AppStore|iPhone.Build.0 = AppStore|iPhone
		{1D5484CF-8D35-4F79-830D-643CB41E3910}.AppStore|iPhoneSimulator.ActiveCfg = AppStore|iPhoneSimulator
		{1D5484CF-8D35-4F79-830D-643CB41E3910}.AppStore|iPhoneSimulator.Build.0 = AppStore|iPhoneSimulator
		{1D5484CF-8D35-4F79-830D-643CB41E3910}.AppStore|x64.ActiveCfg = AppStore|iPhone
		{1D5484CF-8D35-4F79-830D-643CB41E3910}.AppStore|x86.ActiveCfg = AppStore|iPhone
		{1D5484CF-8D35-4F79-830D-643CB41E3910}.Debug|Any CPU.ActiveCfg = Debug|iPhone
		{1D5484CF-8D35-4F79-830D-643CB41E3910}.Debug|ARM.ActiveCfg = Debug|iPhone
		{1D5484CF-8D35-4F79-830D-643CB41E3910}.Debug|iPhone.ActiveCfg = Debug|iPhone
		{1D5484CF-8D35-4F79-830D-643CB41E3910}.Debug|iPhone.Build.0 = Debug|iPhone
		{1D5484CF-8D35-4F79-830D-643CB41E3910}.Debug|iPhoneSimulator.ActiveCfg = Debug|iPhoneSimulator
		{1D5484CF-8D35-4F79-830D-643CB41E3910}.Debug|iPhoneSimulator.Build.0 = Debug|iPhoneSimulator
		{1D5484CF-8D35-4F79-830D-643CB41E3910}.Debug|x64.ActiveCfg = Debug|iPhone
		{1D5484CF-8D35-4F79-830D-643CB41E3910}.Debug|x86.ActiveCfg = Debug|iPhone
		{1D5484CF-8D35-4F79-830D-643CB41E3910}.Release|Any CPU.ActiveCfg = Release|iPhone
		{1D5484CF-8D35-4F79-830D-643CB41E3910}.Release|ARM.ActiveCfg = Release|iPhone
		{1D5484CF-8D35-4F79-830D-643CB41E3910}.Release|iPhone.ActiveCfg = Release|iPhone
		{1D5484CF-8D35-4F79-830D-643CB41E3910}.Release|iPhone.Build.0 = Release|iPhone
		{1D5484CF-8D35-4F79-830D-643CB41E3910}.Release|iPhoneSimulator.ActiveCfg = Release|iPhoneSimulator
		{1D5484CF-8D35-4F79-830D-643CB41E3910}.Release|iPhoneSimulator.Build.0 = Release|iPhoneSimulator
		{1D5484CF-8D35-4F79-830D-643CB41E3910}.Release|x64.ActiveCfg = Release|iPhone
		{1D5484CF-8D35-4F79-830D-643CB41E3910}.Release|x86.ActiveCfg = Release|iPhone
		{CAC52A69-45BF-41D6-AB86-8443F977251F}.Ad-Hoc|Any CPU.ActiveCfg = Release|Any CPU
		{CAC52A69-45BF-41D6-AB86-8443F977251F}.Ad-Hoc|Any CPU.Build.0 = Release|Any CPU
		{CAC52A69-45BF-41D6-AB86-8443F977251F}.Ad-Hoc|ARM.ActiveCfg = Release|Any CPU
		{CAC52A69-45BF-41D6-AB86-8443F977251F}.Ad-Hoc|ARM.Build.0 = Release|Any CPU
		{CAC52A69-45BF-41D6-AB86-8443F977251F}.Ad-Hoc|iPhone.ActiveCfg = Release|Any CPU
		{CAC52A69-45BF-41D6-AB86-8443F977251F}.Ad-Hoc|iPhone.Build.0 = Release|Any CPU
		{CAC52A69-45BF-41D6-AB86-8443F977251F}.Ad-Hoc|iPhoneSimulator.ActiveCfg = Release|Any CPU
		{CAC52A69-45BF-41D6-AB86-8443F977251F}.Ad-Hoc|iPhoneSimulator.Build.0 = Release|Any CPU
		{CAC52A69-45BF-41D6-AB86-8443F977251F}.Ad-Hoc|x64.ActiveCfg = Release|Any CPU
		{CAC52A69-45BF-41D6-AB86-8443F977251F}.Ad-Hoc|x64.Build.0 = Release|Any CPU
		{CAC52A69-45BF-41D6-AB86-8443F977251F}.Ad-Hoc|x86.ActiveCfg = Release|Any CPU
		{CAC52A69-45BF-41D6-AB86-8443F977251F}.Ad-Hoc|x86.Build.0 = Release|Any CPU
		{CAC52A69-45BF-41D6-AB86-8443F977251F}.AppStore|Any CPU.ActiveCfg = Release|Any CPU
		{CAC52A69-45BF-41D6-AB86-8443F977251F}.AppStore|Any CPU.Build.0 = Release|Any CPU
		{CAC52A69-45BF-41D6-AB86-8443F977251F}.AppStore|ARM.ActiveCfg = Release|Any CPU
		{CAC52A69-45BF-41D6-AB86-8443F977251F}.AppStore|ARM.Build.0 = Release|Any CPU
		{CAC52A69-45BF-41D6-AB86-8443F977251F}.AppStore|iPhone.ActiveCfg = Release|Any CPU
		{CAC52A69-45BF-41D6-AB86-8443F977251F}.AppStore|iPhone.Build.0 = Release|Any CPU
		{CAC52A69-45BF-41D6-AB86-8443F977251F}.AppStore|iPhoneSimulator.ActiveCfg = Release|Any CPU
		{CAC52A69-45BF-41D6-AB86-8443F977251F}.AppStore|iPhoneSimulator.Build.0 = Release|Any CPU
		{CAC52A69-45BF-41D6-AB86-8443F977251F}.AppStore|x64.ActiveCfg = Release|Any CPU
		{CAC52A69-45BF-41D6-AB86-8443F977251F}.AppStore|x64.Build.0 = Release|Any CPU
		{CAC52A69-45BF-41D6-AB86-8443F977251F}.AppStore|x86.ActiveCfg = Release|Any CPU
		{CAC52A69-45BF-41D6-AB86-8443F977251F}.AppStore|x86.Build.0 = Release|Any CPU
		{CAC52A69-45BF-41D6-AB86-8443F977251F}.Debug|Any CPU.ActiveCfg = Debug|Any CPU
		{CAC52A69-45BF-41D6-AB86-8443F977251F}.Debug|Any CPU.Build.0 = Debug|Any CPU
		{CAC52A69-45BF-41D6-AB86-8443F977251F}.Debug|ARM.ActiveCfg = Debug|Any CPU
		{CAC52A69-45BF-41D6-AB86-8443F977251F}.Debug|ARM.Build.0 = Debug|Any CPU
		{CAC52A69-45BF-41D6-AB86-8443F977251F}.Debug|iPhone.ActiveCfg = Debug|Any CPU
		{CAC52A69-45BF-41D6-AB86-8443F977251F}.Debug|iPhone.Build.0 = Debug|Any CPU
		{CAC52A69-45BF-41D6-AB86-8443F977251F}.Debug|iPhoneSimulator.ActiveCfg = Debug|Any CPU
		{CAC52A69-45BF-41D6-AB86-8443F977251F}.Debug|iPhoneSimulator.Build.0 = Debug|Any CPU
		{CAC52A69-45BF-41D6-AB86-8443F977251F}.Debug|x64.ActiveCfg = Debug|Any CPU
		{CAC52A69-45BF-41D6-AB86-8443F977251F}.Debug|x64.Build.0 = Debug|Any CPU
		{CAC52A69-45BF-41D6-AB86-8443F977251F}.Debug|x86.ActiveCfg = Debug|Any CPU
		{CAC52A69-45BF-41D6-AB86-8443F977251F}.Debug|x86.Build.0 = Debug|Any CPU
		{CAC52A69-45BF-41D6-AB86-8443F977251F}.Release|Any CPU.ActiveCfg = Release|Any CPU
		{CAC52A69-45BF-41D6-AB86-8443F977251F}.Release|Any CPU.Build.0 = Release|Any CPU
		{CAC52A69-45BF-41D6-AB86-8443F977251F}.Release|ARM.ActiveCfg = Release|Any CPU
		{CAC52A69-45BF-41D6-AB86-8443F977251F}.Release|ARM.Build.0 = Release|Any CPU
		{CAC52A69-45BF-41D6-AB86-8443F977251F}.Release|iPhone.ActiveCfg = Release|Any CPU
		{CAC52A69-45BF-41D6-AB86-8443F977251F}.Release|iPhone.Build.0 = Release|Any CPU
		{CAC52A69-45BF-41D6-AB86-8443F977251F}.Release|iPhoneSimulator.ActiveCfg = Release|Any CPU
		{CAC52A69-45BF-41D6-AB86-8443F977251F}.Release|iPhoneSimulator.Build.0 = Release|Any CPU
		{CAC52A69-45BF-41D6-AB86-8443F977251F}.Release|x64.ActiveCfg = Release|Any CPU
		{CAC52A69-45BF-41D6-AB86-8443F977251F}.Release|x64.Build.0 = Release|Any CPU
		{CAC52A69-45BF-41D6-AB86-8443F977251F}.Release|x86.ActiveCfg = Release|Any CPU
		{CAC52A69-45BF-41D6-AB86-8443F977251F}.Release|x86.Build.0 = Release|Any CPU
	EndGlobalSection
	GlobalSection(SolutionProperties) = preSolution
		HideSolutionNode = FALSE
	EndGlobalSection
EndGlobal
